
Microsoft Visual Studio Solution File, Format Version 12.00
# Visual Studio Version 16
VisualStudioVersion = 16.0.31129.286
MinimumVisualStudioVersion = 10.0.40219.1
Project("{FAE04EC0-301F-11D3-BF4B-00C04F79EFBC}") = "BookListingMVC", "BookListingMVC.csproj", "{28B53B5B-2902-45C7-A59D-844E863BD3B8}"
EndProject
Global
	GlobalSection(SolutionConfigurationPlatforms) = preSolution
		Debug|Any CPU = Debug|Any CPU
		Release|Any CPU = Release|Any CPU
	EndGlobalSection
	GlobalSection(ProjectConfigurationPlatforms) = postSolution
		{28B53B5B-2902-45C7-A59D-844E863BD3B8}.Debug|Any CPU.ActiveCfg = Debug|Any CPU
		{28B53B5B-2902-45C7-A59D-844E863BD3B8}.Debug|Any CPU.Build.0 = Debug|Any CPU
		{28B53B5B-2902-45C7-A59D-844E863BD3B8}.Release|Any CPU.ActiveCfg = Release|Any CPU
		{28B53B5B-2902-45C7-A59D-844E863BD3B8}.Release|Any CPU.Build.0 = Release|Any CPU
	EndGlobalSection
	GlobalSection(SolutionProperties) = preSolution
		HideSolutionNode = FALSE
	EndGlobalSection
	GlobalSection(ExtensibilityGlobals) = postSolution
		SolutionGuid = {98DC3EB9-EEC0-40C7-9F3D-00DE1692C7A8}
	EndGlobalSection
EndGlobal
